schema: '2.0'
stages:
  load_data:
    cmd: python src/load_data.py --config=params.yaml
    deps:
    - path: data_given/winequality.csv
      md5: ff2d47501201b664d805968e716bd2f3
      size: 91998
    - path: src/get_data.py
      md5: 5edbe506f5a505e6a25637ae6c11305a
      size: 648
    - path: src/load_data.py
      md5: 38d7d23daacd3f1314d21dc9258aed4a
      size: 579
    outs:
    - path: data/raw/winequality.csv
      md5: 9b62a80ffeb50cc16d420233c91e1235
      size: 93598
  split_data:
    cmd: python src/split_data.py --config=params.yaml
    deps:
    - path: data/raw/winequality.csv
      md5: 9b62a80ffeb50cc16d420233c91e1235
      size: 93598
    - path: src/split_data.py
      md5: dbf74991beffe8e8f4ccf5c4c6ef93c8
      size: 991
    outs:
    - path: data/processed/test_winequality.csv
      md5: 6b7ab1c945fbeef606901a2fa63d2f04
      size: 9502
    - path: data/processed/train_winequality.csv
      md5: 8c4d6d9d94c2707eed13fed1cd5a69d9
      size: 84242
