schema: '2.0'
stages:
  load_data:
    cmd: python src/load_data.py --config=params.yaml
    deps:
    - path: data_given/winequality.csv
      md5: 2914b54f86df51ed845d1e678fc4b3d6
      size: 91998
    - path: src/get_data.py
      md5: 5edbe506f5a505e6a25637ae6c11305a
      size: 648
    - path: src/load_data.py
      md5: 38d7d23daacd3f1314d21dc9258aed4a
      size: 579
    outs:
    - path: data/raw/winequality.csv
      md5: b944bbf0d5d9465e3e3aab7f16f67e2d
      size: 93598
  split_data:
    cmd: python src/split_data.py --config=params.yaml
    deps:
    - path: data/raw/winequality.csv
      md5: b944bbf0d5d9465e3e3aab7f16f67e2d
      size: 93598
    - path: src/split_data.py
      md5: dbf74991beffe8e8f4ccf5c4c6ef93c8
      size: 991
    outs:
    - path: data/processed/test_winequality.csv
      md5: 6b7ab1c945fbeef606901a2fa63d2f04
      size: 9502
    - path: data/processed/train_winequality.csv
      md5: 8c2c2067b3d4767d69e9d218f5dacd6d
      size: 84242
  train_and_eval:
    cmd: python src/train_and_eval.py --config=params.yaml
    deps:
    - path: data/processed/test_winequality.csv
      md5: 6b7ab1c945fbeef606901a2fa63d2f04
      size: 9502
    - path: data/processed/train_winequality.csv
      md5: 8c2c2067b3d4767d69e9d218f5dacd6d
      size: 84242
    - path: src/train_and_eval.py
      md5: a19cedcbe0b09fce4e719d52d253af38
      size: 2531
    params:
      params.yaml:
        estimators.ElasticNet.params.alpha: 0.9
        estimators.ElasticNet.params.l1_ratio: 0.4
    outs:
    - path: saved_models/model.joblib
      md5: 7fe1c04cd0c67d3bcfed6d7fcd372916
      size: 1263
