schema: '2.0'
stages:
  load_data:
    cmd: python src/load_data.py --config=params.yaml
    deps:
    - path: data_given/winequality.csv
      md5: 1c23b6eb0c82be642a6fced1e9582d71
      size: 93598
    - path: src/get_data.py
      md5: 5edbe506f5a505e6a25637ae6c11305a
      size: 648
    - path: src/load_data.py
      md5: 38d7d23daacd3f1314d21dc9258aed4a
      size: 579
    outs:
    - path: data/raw/winequality.csv
      md5: d19cc0cc8df3bc522b51b0071feb4b3e
      size: 93598
  split_data:
    cmd: python src/split_data.py --config=params.yaml
    deps:
    - path: data/raw/winequality.csv
      md5: d19cc0cc8df3bc522b51b0071feb4b3e
      size: 93598
    - path: src/split_data.py
      md5: dbf74991beffe8e8f4ccf5c4c6ef93c8
      size: 991
    outs:
    - path: data/processed/test_winequality.csv
      md5: 6b7ab1c945fbeef606901a2fa63d2f04
      size: 9502
    - path: data/processed/train_winequality.csv
      md5: 8f2041b049fbe3044c6f0712fc7ee857
      size: 84242
  train_and_eval:
    cmd: python src/train_and_eval.py --config=params.yaml
    deps:
    - path: data/processed/test_winequality.csv
      md5: 6b7ab1c945fbeef606901a2fa63d2f04
      size: 9502
    - path: data/processed/train_winequality.csv
      md5: 8f2041b049fbe3044c6f0712fc7ee857
      size: 84242
    - path: src/train_and_eval.py
      md5: 399e6b3fa0bf2d71fb569c54e69b3afd
      size: 2543
    params:
      params.yaml:
        estimators.ElasticNet.params.alpha: 1.8
        estimators.ElasticNet.params.l1_ratio: 0.4
    outs:
    - path: report/params.json
      md5: f3a750eb7da941072c41726e737e18a1
      size: 44
    - path: report/scores.json
      md5: 469536b32cfc6185d2f1b334497a6f92
      size: 100
    - path: saved_models/model.joblib
      md5: 63edb5130dffa7d8ecb6a9aa93795d7f
      size: 1263
